{
  "name": "ts-decoration-builder-plugin",
  "version": "1.0.0",
  "lockfileVersion": 1,
  "requires": true,
  "dependencies": {
    "@vvakame/typescript-plugin-example": {
      "version": "1.1.1",
      "resolved": "http://nexus.g3basics.cgm.ag/repository/npm/@vvakame/typescript-plugin-example/-/typescript-plugin-example-1.1.1.tgz",
      "integrity": "sha1-5vc4jHBfMWAFC4GYZF8DFDNZXiI=",
      "dev": true
    },
    "typescript": {
      "version": "3.2.2",
      "resolved": "http://nexus.g3basics.cgm.ag/repository/npm/typescript/-/typescript-3.2.2.tgz",
      "integrity": "sha1-/oEBxGqhI/g1NSPr3PVzDCrkk+U=",
      "dev": true
    },
    "typescript-formatter": {
      "version": "7.2.2",
      "resolved": "http://nexus.g3basics.cgm.ag/repository/npm/typescript-formatter/-/typescript-formatter-7.2.2.tgz",
      "integrity": "sha1-oUcYGDm3uwnCN3sHLyD2M2VHwAo=",
      "dev": true,
      "requires": {
        "commandpost": "1.4.0",
        "editorconfig": "0.15.2"
      },
      "dependencies": {
        "commandpost": {
          "version": "1.4.0",
          "resolved": "http://nexus.g3basics.cgm.ag/repository/npm/commandpost/-/commandpost-1.4.0.tgz",
          "integrity": "sha1-iSGAEgid/Jtnoze6Fi8VyI4PEEg=",
          "dev": true
        },
        "editorconfig": {
          "version": "0.15.2",
          "resolved": "http://nexus.g3basics.cgm.ag/repository/npm/editorconfig/-/editorconfig-0.15.2.tgz",
          "integrity": "sha1-BHvpg6u5qzwu7+UZnLK3xWifBwI=",
          "dev": true,
          "requires": {
            "@types/node": "10.12.18",
            "@types/semver": "5.5.0",
            "commander": "2.19.0",
            "lru-cache": "4.1.5",
            "semver": "5.6.0",
            "sigmund": "1.0.1"
          },
          "dependencies": {
            "@types/node": {
              "version": "10.12.18",
              "resolved": "http://nexus.g3basics.cgm.ag/repository/npm/@types/node/-/node-10.12.18.tgz",
              "integrity": "sha1-HTynZHGJFVhPzZ9jRGIbdnJmXGc=",
              "dev": true
            },
            "@types/semver": {
              "version": "5.5.0",
              "resolved": "http://nexus.g3basics.cgm.ag/repository/npm/@types/semver/-/semver-5.5.0.tgz",
              "integrity": "sha1-FGwqKe59O65L8vyydGNuJkyBPEU=",
              "dev": true
            },
            "commander": {
              "version": "2.19.0",
              "resolved": "http://nexus.g3basics.cgm.ag/repository/npm/commander/-/commander-2.19.0.tgz",
              "integrity": "sha1-9hmKqE5bg8RgVLlN3tv+1e6f8So=",
              "dev": true
            },
            "lru-cache": {
              "version": "4.1.5",
              "resolved": "http://nexus.g3basics.cgm.ag/repository/npm/lru-cache/-/lru-cache-4.1.5.tgz",
              "integrity": "sha1-i75Q6oW+1ZvJ4z3KuCNe6bz0Q80=",
              "dev": true,
              "requires": {
                "pseudomap": "1.0.2",
                "yallist": "2.1.2"
              },
              "dependencies": {
                "pseudomap": {
                  "version": "1.0.2",
                  "resolved": "http://nexus.g3basics.cgm.ag/repository/npm/pseudomap/-/pseudomap-1.0.2.tgz",
                  "integrity": "sha1-8FKijacOYYkX7wqKw0wa5aaChrM=",
                  "dev": true
                },
                "yallist": {
                  "version": "2.1.2",
                  "resolved": "http://nexus.g3basics.cgm.ag/repository/npm/yallist/-/yallist-2.1.2.tgz",
                  "integrity": "sha1-HBH5IY8HYImkfdUS+TxmmaaoHVI=",
                  "dev": true
                }
              }
            },
            "semver": {
              "version": "5.6.0",
              "resolved": "http://nexus.g3basics.cgm.ag/repository/npm/semver/-/semver-5.6.0.tgz",
              "integrity": "sha1-fnQlb7qknHWqfHogXMInmcrIAAQ=",
              "dev": true
            },
            "sigmund": {
              "version": "1.0.1",
              "resolved": "http://nexus.g3basics.cgm.ag/repository/npm/sigmund/-/sigmund-1.0.1.tgz",
              "integrity": "sha1-P/IfGYytIXX587eBhT/ZTQ0ZtZA=",
              "dev": true
            }
          }
        }
      }
    },
    "typescript-template-language-service-decorator": {
      "version": "2.2.0",
      "resolved": "http://nexus.g3basics.cgm.ag/repository/npm/typescript-template-language-service-decorator/-/typescript-template-language-service-decorator-2.2.0.tgz",
      "integrity": "sha1-TubVgPMH+5I5l45pYm8ndbilmyo=",
      "dev": true
    }
  }
}
